
Microsoft Visual Studio Solution File, Format Version 12.00
# Visual Studio 2012
Project("{FAE04EC0-301F-11D3-BF4B-00C04F79EFBC}") = "DotNetHF", "DotNetHF\DotNetHF.csproj", "{941864DE-C4DD-431F-8A3C-00C1AFB3BA86}"
EndProject
Project("{FAE04EC0-301F-11D3-BF4B-00C04F79EFBC}") = "DotNetHF.WinForms", "DotNetHF.WinForms\DotNetHF.WinForms.csproj", "{BDA7EB2A-1C74-45DD-A132-6053F8331852}"
EndProject
Global
	GlobalSection(SolutionConfigurationPlatforms) = preSolution
		Debug|Any CPU = Debug|Any CPU
		Release|Any CPU = Release|Any CPU
	EndGlobalSection
	GlobalSection(ProjectConfigurationPlatforms) = postSolution
		{941864DE-C4DD-431F-8A3C-00C1AFB3BA86}.Debug|Any CPU.ActiveCfg = Debug|Any CPU
		{941864DE-C4DD-431F-8A3C-00C1AFB3BA86}.Debug|Any CPU.Build.0 = Debug|Any CPU
		{941864DE-C4DD-431F-8A3C-00C1AFB3BA86}.Release|Any CPU.ActiveCfg = Release|Any CPU
		{941864DE-C4DD-431F-8A3C-00C1AFB3BA86}.Release|Any CPU.Build.0 = Release|Any CPU
		{BDA7EB2A-1C74-45DD-A132-6053F8331852}.Debug|Any CPU.ActiveCfg = Debug|Any CPU
		{BDA7EB2A-1C74-45DD-A132-6053F8331852}.Debug|Any CPU.Build.0 = Debug|Any CPU
		{BDA7EB2A-1C74-45DD-A132-6053F8331852}.Release|Any CPU.ActiveCfg = Release|Any CPU
		{BDA7EB2A-1C74-45DD-A132-6053F8331852}.Release|Any CPU.Build.0 = Release|Any CPU
	EndGlobalSection
	GlobalSection(SolutionProperties) = preSolution
		HideSolutionNode = FALSE
	EndGlobalSection
EndGlobal
